// !$*UTF8*$!
{
	archiveVersion = 1;
	classes = {
	};
	objectVersion = 46;
	objects = {

/* Begin PBXBuildFile section */
		C3FF0CCD1D25332400BB8B1D /* AppDelegate.swift in Sources */ = {isa = PBXBuildFile; fileRef = C3FF0CCC1D25332400BB8B1D /* AppDelegate.swift */; };
		C3FF0CD21D25332400BB8B1D /* Main.storyboard in Resources */ = {isa = PBXBuildFile; fileRef = C3FF0CD01D25332400BB8B1D /* Main.storyboard */; };
		C3FF0CD41D25332400BB8B1D /* Assets.xcassets in Resources */ = {isa = PBXBuildFile; fileRef = C3FF0CD31D25332400BB8B1D /* Assets.xcassets */; };
		C3FF0CD71D25332400BB8B1D /* LaunchScreen.storyboard in Resources */ = {isa = PBXBuildFile; fileRef = C3FF0CD51D25332400BB8B1D /* LaunchScreen.storyboard */; };
		C3FF0CE21D25332400BB8B1D /* Geo_QuizTests.swift in Sources */ = {isa = PBXBuildFile; fileRef = C3FF0CE11D25332400BB8B1D /* Geo_QuizTests.swift */; };
		C3FF0CED1D25332400BB8B1D /* Geo_QuizUITests.swift in Sources */ = {isa = PBXBuildFile; fileRef = C3FF0CEC1D25332400BB8B1D /* Geo_QuizUITests.swift */; };
		C3FF0CFD1D25337F00BB8B1D /* Country.swift in Sources */ = {isa = PBXBuildFile; fileRef = C3FF0CFA1D25337F00BB8B1D /* Country.swift */; };
		C3FF0CFE1D25337F00BB8B1D /* QuizViewController.swift in Sources */ = {isa = PBXBuildFile; fileRef = C3FF0CFB1D25337F00BB8B1D /* QuizViewController.swift */; };
		C3FF0CFF1D25337F00BB8B1D /* QuizViewController+Functions.swift in Sources */ = {isa = PBXBuildFile; fileRef = C3FF0CFC1D25337F00BB8B1D /* QuizViewController+Functions.swift */; };
/* End PBXBuildFile section */

/* Begin PBXContainerItemProxy section */
		C3FF0CDE1D25332400BB8B1D /* PBXContainerItemProxy */ = {
			isa = PBXContainerItemProxy;
			containerPortal = C3FF0CC11D25332400BB8B1D /* Project object */;
			proxyType = 1;
			remoteGlobalIDString = C3FF0CC81D25332400BB8B1D;
			remoteInfo = "Geo Quiz";
		};
		C3FF0CE91D25332400BB8B1D /* PBXContainerItemProxy */ = {
			isa = PBXContainerItemProxy;
			containerPortal = C3FF0CC11D25332400BB8B1D /* Project object */;
			proxyType = 1;
			remoteGlobalIDString = C3FF0CC81D25332400BB8B1D;
			remoteInfo = "Geo Quiz";
		};
/* End PBXContainerItemProxy section */

/* Begin PBXFileReference section */
		C3FF0CC91D25332400BB8B1D /* Geo Quiz.app */ = {isa = PBXFileReference; explicitFileType = wrapper.application; includeInIndex = 0; path = "Geo Quiz.app"; sourceTree = BUILT_PRODUCTS_DIR; };
		C3FF0CCC1D25332400BB8B1D /* AppDelegate.swift */ = {isa = PBXFileReference; lastKnownFileType = sourcecode.swift; path = AppDelegate.swift; sourceTree = "<group>"; };
		C3FF0CD11D25332400BB8B1D /* Base */ = {isa = PBXFileReference; lastKnownFileType = file.storyboard; name = Base; path = Base.lproj/Main.storyboard; sourceTree = "<group>"; };
		C3FF0CD31D25332400BB8B1D /* Assets.xcassets */ = {isa = PBXFileReference; lastKnownFileType = folder.assetcatalog; path = Assets.xcassets; sourceTree = "<group>"; };
		C3FF0CD61D25332400BB8B1D /* Base */ = {isa = PBXFileReference; lastKnownFileType = file.storyboard; name = Base; path = Base.lproj/LaunchScreen.storyboard; sourceTree = "<group>"; };
		C3FF0CD81D25332400BB8B1D /* Info.plist */ = {isa = PBXFileReference; lastKnownFileType = text.plist.xml; path = Info.plist; sourceTree = "<group>"; };
		C3FF0CDD1D25332400BB8B1D /* Geo QuizTests.xctest */ = {isa = PBXFileReference; explicitFileType = wrapper.cfbundle; includeInIndex = 0; path = "Geo QuizTests.xctest"; sourceTree = BUILT_PRODUCTS_DIR; };
		C3FF0CE11D25332400BB8B1D /* Geo_QuizTests.swift */ = {isa = PBXFileReference; lastKnownFileType = sourcecode.swift; path = Geo_QuizTests.swift; sourceTree = "<group>"; };
		C3FF0CE31D25332400BB8B1D /* Info.plist */ = {isa = PBXFileReference; lastKnownFileType = text.plist.xml; path = Info.plist; sourceTree = "<group>"; };
		C3FF0CE81D25332400BB8B1D /* Geo QuizUITests.xctest */ = {isa = PBXFileReference; explicitFileType = wrapper.cfbundle; includeInIndex = 0; path = "Geo QuizUITests.xctest"; sourceTree = BUILT_PRODUCTS_DIR; };
		C3FF0CEC1D25332400BB8B1D /* Geo_QuizUITests.swift */ = {isa = PBXFileReference; lastKnownFileType = sourcecode.swift; path = Geo_QuizUITests.swift; sourceTree = "<group>"; };
		C3FF0CEE1D25332400BB8B1D /* Info.plist */ = {isa = PBXFileReference; lastKnownFileType = text.plist.xml; path = Info.plist; sourceTree = "<group>"; };
		C3FF0CFA1D25337F00BB8B1D /* Country.swift */ = {isa = PBXFileReference; fileEncoding = 4; lastKnownFileType = sourcecode.swift; path = Country.swift; sourceTree = "<group>"; };
		C3FF0CFB1D25337F00BB8B1D /* QuizViewController.swift */ = {isa = PBXFileReference; fileEncoding = 4; lastKnownFileType = sourcecode.swift; path = QuizViewController.swift; sourceTree = "<group>"; };
		C3FF0CFC1D25337F00BB8B1D /* QuizViewController+Functions.swift */ = {isa = PBXFileReference; fileEncoding = 4; lastKnownFileType = sourcecode.swift; path = "QuizViewController+Functions.swift"; sourceTree = "<group>"; };
/* End PBXFileReference section */

/* Begin PBXFrameworksBuildPhase section */
		C3FF0CC61D25332400BB8B1D /* Frameworks */ = {
			isa = PBXFrameworksBuildPhase;
			buildActionMask = 2147483647;
			files = (
			);
			runOnlyForDeploymentPostprocessing = 0;
		};
		C3FF0CDA1D25332400BB8B1D /* Frameworks */ = {
			isa = PBXFrameworksBuildPhase;
			buildActionMask = 2147483647;
			files = (
			);
			runOnlyForDeploymentPostprocessing = 0;
		};
		C3FF0CE51D25332400BB8B1D /* Frameworks */ = {
			isa = PBXFrameworksBuildPhase;
			buildActionMask = 2147483647;
			files = (
			);
			runOnlyForDeploymentPostprocessing = 0;
		};
/* End PBXFrameworksBuildPhase section */

/* Begin PBXGroup section */
		C3FF0CC01D25332400BB8B1D = {
			isa = PBXGroup;
			children = (
				C3FF0CCB1D25332400BB8B1D /* Geo Quiz */,
				C3FF0CE01D25332400BB8B1D /* Geo QuizTests */,
				C3FF0CEB1D25332400BB8B1D /* Geo QuizUITests */,
				C3FF0CCA1D25332400BB8B1D /* Products */,
			);
			sourceTree = "<group>";
		};
		C3FF0CCA1D25332400BB8B1D /* Products */ = {
			isa = PBXGroup;
			children = (
				C3FF0CC91D25332400BB8B1D /* Geo Quiz.app */,
				C3FF0CDD1D25332400BB8B1D /* Geo QuizTests.xctest */,
				C3FF0CE81D25332400BB8B1D /* Geo QuizUITests.xctest */,
			);
			name = Products;
			sourceTree = "<group>";
		};
		C3FF0CCB1D25332400BB8B1D /* Geo Quiz */ = {
			isa = PBXGroup;
			children = (
				C3FF0CFA1D25337F00BB8B1D /* Country.swift */,
				C3FF0CFB1D25337F00BB8B1D /* QuizViewController.swift */,
				C3FF0CFC1D25337F00BB8B1D /* QuizViewController+Functions.swift */,
				C3FF0CCC1D25332400BB8B1D /* AppDelegate.swift */,
				C3FF0CD01D25332400BB8B1D /* Main.storyboard */,
				C3FF0CD31D25332400BB8B1D /* Assets.xcassets */,
				C3FF0CD51D25332400BB8B1D /* LaunchScreen.storyboard */,
				C3FF0CD81D25332400BB8B1D /* Info.plist */,
			);
			path = "Geo Quiz";
			sourceTree = "<group>";
		};
		C3FF0CE01D25332400BB8B1D /* Geo QuizTests */ = {
			isa = PBXGroup;
			children = (
				C3FF0CE11D25332400BB8B1D /* Geo_QuizTests.swift */,
				C3FF0CE31D25332400BB8B1D /* Info.plist */,
			);
			path = "Geo QuizTests";
			sourceTree = "<group>";
		};
		C3FF0CEB1D25332400BB8B1D /* Geo QuizUITests */ = {
			isa = PBXGroup;
			children = (
				C3FF0CEC1D25332400BB8B1D /* Geo_QuizUITests.swift */,
				C3FF0CEE1D25332400BB8B1D /* Info.plist */,
			);
			path = "Geo QuizUITests";
			sourceTree = "<group>";
		};
/* End PBXGroup section */

/* Begin PBXNativeTarget section */
		C3FF0CC81D25332400BB8B1D /* Geo Quiz */ = {
			isa = PBXNativeTarget;
			buildConfigurationList = C3FF0CF11D25332400BB8B1D /* Build configuration list for PBXNativeTarget "Geo Quiz" */;
			buildPhases = (
				C3FF0CC51D25332400BB8B1D /* Sources */,
				C3FF0CC61D25332400BB8B1D /* Frameworks */,
				C3FF0CC71D25332400BB8B1D /* Resources */,
			);
			buildRules = (
			);
			dependencies = (
			);
			name = "Geo Quiz";
			productName = "Geo Quiz";
			productReference = C3FF0CC91D25332400BB8B1D /* Geo Quiz.app */;
			productType = "com.apple.product-type.application";
		};
		C3FF0CDC1D25332400BB8B1D /* Geo QuizTests */ = {
			isa = PBXNativeTarget;
			buildConfigurationList = C3FF0CF41D25332400BB8B1D /* Build configuration list for PBXNativeTarget "Geo QuizTests" */;
			buildPhases = (
				C3FF0CD91D25332400BB8B1D /* Sources */,
				C3FF0CDA1D25332400BB8B1D /* Frameworks */,
				C3FF0CDB1D25332400BB8B1D /* Resources */,
			);
			buildRules = (
			);
			dependencies = (
				C3FF0CDF1D25332400BB8B1D /* PBXTargetDependency */,
			);
			name = "Geo QuizTests";
			productName = "Geo QuizTests";
			productReference = C3FF0CDD1D25332400BB8B1D /* Geo QuizTests.xctest */;
			productType = "com.apple.product-type.bundle.unit-test";
		};
		C3FF0CE71D25332400BB8B1D /* Geo QuizUITests */ = {
			isa = PBXNativeTarget;
			buildConfigurationList = C3FF0CF71D25332400BB8B1D /* Build configuration list for PBXNativeTarget "Geo QuizUITests" */;
			buildPhases = (
				C3FF0CE41D25332400BB8B1D /* Sources */,
				C3FF0CE51D25332400BB8B1D /* Frameworks */,
				C3FF0CE61D25332400BB8B1D /* Resources */,
			);
			buildRules = (
			);
			dependencies = (
				C3FF0CEA1D25332400BB8B1D /* PBXTargetDependency */,
			);
			name = "Geo QuizUITests";
			productName = "Geo QuizUITests";
			productReference = C3FF0CE81D25332400BB8B1D /* Geo QuizUITests.xctest */;
			productType = "com.apple.product-type.bundle.ui-testing";
		};
/* End PBXNativeTarget section */

/* Begin PBXProject section */
		C3FF0CC11D25332400BB8B1D /* Project object */ = {
			isa = PBXProject;
			attributes = {
				LastSwiftUpdateCheck = 0730;
				LastUpgradeCheck = 0730;
				ORGANIZATIONNAME = "Abdelrahman Mohamed";
				TargetAttributes = {
					C3FF0CC81D25332400BB8B1D = {
						CreatedOnToolsVersion = 7.3.1;
					};
					C3FF0CDC1D25332400BB8B1D = {
						CreatedOnToolsVersion = 7.3.1;
						TestTargetID = C3FF0CC81D25332400BB8B1D;
					};
					C3FF0CE71D25332400BB8B1D = {
						CreatedOnToolsVersion = 7.3.1;
						TestTargetID = C3FF0CC81D25332400BB8B1D;
					};
				};
			};
			buildConfigurationList = C3FF0CC41D25332400BB8B1D /* Build configuration list for PBXProject "Geo Quiz" */;
			compatibilityVersion = "Xcode 3.2";
			developmentRegion = English;
			hasScannedForEncodings = 0;
			knownRegions = (
				en,
				Base,
			);
			mainGroup = C3FF0CC01D25332400BB8B1D;
			productRefGroup = C3FF0CCA1D25332400BB8B1D /* Products */;
			projectDirPath = "";
			projectRoot = "";
			targets = (
				C3FF0CC81D25332400BB8B1D /* Geo Quiz */,
				C3FF0CDC1D25332400BB8B1D /* Geo QuizTests */,
				C3FF0CE71D25332400BB8B1D /* Geo QuizUITests */,
			);
		};
/* End PBXProject section */

/* Begin PBXResourcesBuildPhase section */
		C3FF0CC71D25332400BB8B1D /* Resources */ = {
			isa = PBXResourcesBuildPhase;
			buildActionMask = 2147483647;
			files = (
				C3FF0CD71D25332400BB8B1D /* LaunchScreen.storyboard in Resources */,
				C3FF0CD41D25332400BB8B1D /* Assets.xcassets in Resources */,
				C3FF0CD21D25332400BB8B1D /* Main.storyboard in Resources */,
			);
			runOnlyForDeploymentPostprocessing = 0;
		};
		C3FF0CDB1D25332400BB8B1D /* Resources */ = {
			isa = PBXResourcesBuildPhase;
			buildActionMask = 2147483647;
			files = (
			);
			runOnlyForDeploymentPostprocessing = 0;
		};
		C3FF0CE61D25332400BB8B1D /* Resources */ = {
			isa = PBXResourcesBuildPhase;
			buildActionMask = 2147483647;
			files = (
			);
			runOnlyForDeploymentPostprocessing = 0;
		};
/* End PBXResourcesBuildPhase section */

/* Begin PBXSourcesBuildPhase section */
		C3FF0CC51D25332400BB8B1D /* Sources */ = {
			isa = PBXSourcesBuildPhase;
			buildActionMask = 2147483647;
			files = (
				C3FF0CFD1D25337F00BB8B1D /* Country.swift in Sources */,
				C3FF0CCD1D25332400BB8B1D /* AppDelegate.swift in Sources */,
				C3FF0CFE1D25337F00BB8B1D /* QuizViewController.swift in Sources */,
				C3FF0CFF1D25337F00BB8B1D /* QuizViewController+Functions.swift in Sources */,
			);
			runOnlyForDeploymentPostprocessing = 0;
		};
		C3FF0CD91D25332400BB8B1D /* Sources */ = {
			isa = PBXSourcesBuildPhase;
			buildActionMask = 2147483647;
			files = (
				C3FF0CE21D25332400BB8B1D /* Geo_QuizTests.swift in Sources */,
			);
			runOnlyForDeploymentPostprocessing = 0;
		};
		C3FF0CE41D25332400BB8B1D /* Sources */ = {
			isa = PBXSourcesBuildPhase;
			buildActionMask = 2147483647;
			files = (
				C3FF0CED1D25332400BB8B1D /* Geo_QuizUITests.swift in Sources */,
			);
			runOnlyForDeploymentPostprocessing = 0;
		};
/* End PBXSourcesBuildPhase section */

/* Begin PBXTargetDependency section */
		C3FF0CDF1D25332400BB8B1D /* PBXTargetDependency */ = {
			isa = PBXTargetDependency;
			target = C3FF0CC81D25332400BB8B1D /* Geo Quiz */;
			targetProxy = C3FF0CDE1D25332400BB8B1D /* PBXContainerItemProxy */;
		};
		C3FF0CEA1D25332400BB8B1D /* PBXTargetDependency */ = {
			isa = PBXTargetDependency;
			target = C3FF0CC81D25332400BB8B1D /* Geo Quiz */;
			targetProxy = C3FF0CE91D25332400BB8B1D /* PBXContainerItemProxy */;
		};
/* End PBXTargetDependency section */

/* Begin PBXVariantGroup section */
		C3FF0CD01D25332400BB8B1D /* Main.storyboard */ = {
			isa = PBXVariantGroup;
			children = (
				C3FF0CD11D25332400BB8B1D /* Base */,
			);
			name = Main.storyboard;
			sourceTree = "<group>";
		};
		C3FF0CD51D25332400BB8B1D /* LaunchScreen.storyboard */ = {
			isa = PBXVariantGroup;
			children = (
				C3FF0CD61D25332400BB8B1D /* Base */,
			);
			name = LaunchScreen.storyboard;
			sourceTree = "<group>";
		};
/* End PBXVariantGroup section */

/* Begin XCBuildConfiguration section */
		C3FF0CEF1D25332400BB8B1D /* Debug */ = {
			isa = XCBuildConfiguration;
			buildSettings = {
				ALWAYS_SEARCH_USER_PATHS = NO;
				CLANG_ANALYZER_NONNULL = YES;
				CLANG_CXX_LANGUAGE_STANDARD = "gnu++0x";
				CLANG_CXX_LIBRARY = "libc++";
				CLANG_ENABLE_MODULES = YES;
				CLANG_ENABLE_OBJC_ARC = YES;
				CLANG_WARN_BOOL_CONVERSION = YES;
				CLANG_WARN_CONSTANT_CONVERSION = YES;
				CLANG_WARN_DIRECT_OBJC_ISA_USAGE = YES_ERROR;
				CLANG_WARN_EMPTY_BODY = YES;
				CLANG_WARN_ENUM_CONVERSION = YES;
				CLANG_WARN_INT_CONVERSION = YES;
				CLANG_WARN_OBJC_ROOT_CLASS = YES_ERROR;
				CLANG_WARN_UNREACHABLE_CODE = YES;
				CLANG_WARN__DUPLICATE_METHOD_MATCH = YES;
				"CODE_SIGN_IDENTITY[sdk=iphoneos*]" = "iPhone Developer";
				COPY_PHASE_STRIP = NO;
				DEBUG_INFORMATION_FORMAT = dwarf;
				ENABLE_STRICT_OBJC_MSGSEND = YES;
				ENABLE_TESTABILITY = YES;
				GCC_C_LANGUAGE_STANDARD = gnu99;
				GCC_DYNAMIC_NO_PIC = NO;
				GCC_NO_COMMON_BLOCKS = YES;
				GCC_OPTIMIZATION_LEVEL = 0;
				GCC_PREPROCESSOR_DEFINITIONS = (
					"DEBUG=1",
					"$(inherited)",
				);
				GCC_WARN_64_TO_32_BIT_CONVERSION = YES;
				GCC_WARN_ABOUT_RETURN_TYPE = YES_ERROR;
				GCC_WARN_UNDECLARED_SELECTOR = YES;
				GCC_WARN_UNINITIALIZED_AUTOS = YES_AGGRESSIVE;
				GCC_WARN_UNUSED_FUNCTION = YES;
				GCC_WARN_UNUSED_VARIABLE = YES;
				IPHONEOS_DEPLOYMENT_TARGET = 9.3;
				MTL_ENABLE_DEBUG_INFO = YES;
				ONLY_ACTIVE_ARCH = YES;
				SDKROOT = iphoneos;
				SWIFT_OPTIMIZATION_LEVEL = "-Onone";
				TARGETED_DEVICE_FAMILY = "1,2";
			};
			name = Debug;
		};
		C3FF0CF01D25332400BB8B1D /* Release */ = {
			isa = XCBuildConfiguration;
			buildSettings = {
				ALWAYS_SEARCH_USER_PATHS = NO;
				CLANG_ANALYZER_NONNULL = YES;
				CLANG_CXX_LANGUAGE_STANDARD = "gnu++0x";
				CLANG_CXX_LIBRARY = "libc++";
				CLANG_ENABLE_MODULES = YES;
				CLANG_ENABLE_OBJC_ARC = YES;
				CLANG_WARN_BOOL_CONVERSION = YES;
				CLANG_WARN_CONSTANT_CONVERSION = YES;
				CLANG_WARN_DIRECT_OBJC_ISA_USAGE = YES_ERROR;
				CLANG_WARN_EMPTY_BODY = YES;
				CLANG_WARN_ENUM_CONVERSION = YES;
				CLANG_WARN_INT_CONVERSION = YES;
				CLANG_WARN_OBJC_ROOT_CLASS = YES_ERROR;
				CLANG_WARN_UNREACHABLE_CODE = YES;
				CLANG_WARN__DUPLICATE_METHOD_MATCH = YES;
				"CODE_SIGN_IDENTITY[sdk=iphoneos*]" = "iPhone Developer";
				COPY_PHASE_STRIP = NO;
				DEBUG_INFORMATION_FORMAT = "dwarf-with-dsym";
				ENABLE_NS_ASSERTIONS = NO;
				ENABLE_STRICT_OBJC_MSGSEND = YES;
				GCC_C_LANGUAGE_STANDARD = gnu99;
				GCC_NO_COMMON_BLOCKS = YES;
				GCC_WARN_64_TO_32_BIT_CONVERSION = YES;
				GCC_WARN_ABOUT_RETURN_TYPE = YES_ERROR;
				GCC_WARN_UNDECLARED_SELECTOR = YES;
				GCC_WARN_UNINITIALIZED_AUTOS = YES_AGGRESSIVE;
				GCC_WARN_UNUSED_FUNCTION = YES;
				GCC_WARN_UNUSED_VARIABLE = YES;
				IPHONEOS_DEPLOYMENT_TARGET = 9.3;
				MTL_ENABLE_DEBUG_INFO = NO;
				SDKROOT = iphoneos;
				TARGETED_DEVICE_FAMILY = "1,2";
				VALIDATE_PRODUCT = YES;
			};
			name = Release;
		};
		C3FF0CF21D25332400BB8B1D /* Debug */ = {
			isa = XCBuildConfiguration;
			buildSettings = {
				ASSETCATALOG_COMPILER_APPICON_NAME = AppIcon;
				INFOPLIST_FILE = "Geo Quiz/Info.plist";
				LD_RUNPATH_SEARCH_PATHS = "$(inherited) @executable_path/Frameworks";
				PRODUCT_BUNDLE_IDENTIFIER = "au.com.molutions.Geo-Quiz";
				PRODUCT_NAME = "$(TARGET_NAME)";
			};
			name = Debug;
		};
		C3FF0CF31D25332400BB8B1D /* Release */ = {
			isa = XCBuildConfiguration;
			buildSettings = {
				ASSETCATALOG_COMPILER_APPICON_NAME = AppIcon;
				INFOPLIST_FILE = "Geo Quiz/Info.plist";
				LD_RUNPATH_SEARCH_PATHS = "$(inherited) @executable_path/Frameworks";
				PRODUCT_BUNDLE_IDENTIFIER = "au.com.molutions.Geo-Quiz";
				PRODUCT_NAME = "$(TARGET_NAME)";
			};
			name = Release;
		};
		C3FF0CF51D25332400BB8B1D /* Debug */ = {
			isa = XCBuildConfiguration;
			buildSettings = {
				BUNDLE_LOADER = "$(TEST_HOST)";
				INFOPLIST_FILE = "Geo QuizTests/Info.plist";
				LD_RUNPATH_SEARCH_PATHS = "$(inherited) @executable_path/Frameworks @loader_path/Frameworks";
				PRODUCT_BUNDLE_IDENTIFIER = "au.com.molutions.Geo-QuizTests";
				PRODUCT_NAME = "$(TARGET_NAME)";
				TEST_HOST = "$(BUILT_PRODUCTS_DIR)/Geo Quiz.app/Geo Quiz";
			};
			name = Debug;
		};
		C3FF0CF61D25332400BB8B1D /* Release */ = {
			isa = XCBuildConfiguration;
			buildSettings = {
				BUNDLE_LOADER = "$(TEST_HOST)";
				INFOPLIST_FILE = "Geo QuizTests/Info.plist";
				LD_RUNPATH_SEARCH_PATHS = "$(inherited) @executable_path/Frameworks @loader_path/Frameworks";
				PRODUCT_BUNDLE_IDENTIFIER = "au.com.molutions.Geo-QuizTests";
				PRODUCT_NAME = "$(TARGET_NAME)";
				TEST_HOST = "$(BUILT_PRODUCTS_DIR)/Geo Quiz.app/Geo Quiz";
			};
			name = Release;
		};
		C3FF0CF81D25332400BB8B1D /* Debug */ = {
			isa = XCBuildConfiguration;
			buildSettings = {
				INFOPLIST_FILE = "Geo QuizUITests/Info.plist";
				LD_RUNPATH_SEARCH_PATHS = "$(inherited) @executable_path/Frameworks @loader_path/Frameworks";
				PRODUCT_BUNDLE_IDENTIFIER = "au.com.molutions.Geo-QuizUITests";
				PRODUCT_NAME = "$(TARGET_NAME)";
				TEST_TARGET_NAME = "Geo Quiz";
			};
			name = Debug;
		};
		C3FF0CF91D25332400BB8B1D /* Release */ = {
			isa = XCBuildConfiguration;
			buildSettings = {
				INFOPLIST_FILE = "Geo QuizUITests/Info.plist";
				LD_RUNPATH_SEARCH_PATHS = "$(inherited) @executable_path/Frameworks @loader_path/Frameworks";
				PRODUCT_BUNDLE_IDENTIFIER = "au.com.molutions.Geo-QuizUITests";
				PRODUCT_NAME = "$(TARGET_NAME)";
				TEST_TARGET_NAME = "Geo Quiz";
			};
			name = Release;
		};
/* End XCBuildConfiguration section */

/* Begin XCConfigurationList section */
		C3FF0CC41D25332400BB8B1D /* Build configuration list for PBXProject "Geo Quiz" */ = {
			isa = XCConfigurationList;
			buildConfigurations = (
				C3FF0CEF1D25332400BB8B1D /* Debug */,
				C3FF0CF01D25332400BB8B1D /* Release */,
			);
			defaultConfigurationIsVisible = 0;
			defaultConfigurationName = Release;
		};
		C3FF0CF11D25332400BB8B1D /* Build configuration list for PBXNativeTarget "Geo Quiz" */ = {
			isa = XCConfigurationList;
			buildConfigurations = (
				C3FF0CF21D25332400BB8B1D /* Debug */,
				C3FF0CF31D25332400BB8B1D /* Release */,
			);
			defaultConfigurationIsVisible = 0;
		};
		C3FF0CF41D25332400BB8B1D /* Build configuration list for PBXNativeTarget "Geo QuizTests" */ = {
			isa = XCConfigurationList;
			buildConfigurations = (
				C3FF0CF51D25332400BB8B1D /* Debug */,
				C3FF0CF61D25332400BB8B1D /* Release */,
			);
			defaultConfigurationIsVisible = 0;
		};
		C3FF0CF71D25332400BB8B1D /* Build configuration list for PBXNativeTarget "Geo QuizUITests" */ = {
			isa = XCConfigurationList;
			buildConfigurations = (
				C3FF0CF81D25332400BB8B1D /* Debug */,
				C3FF0CF91D25332400BB8B1D /* Release */,
			);
			defaultConfigurationIsVisible = 0;
		};
/* End XCConfigurationList section */
	};
	rootObject = C3FF0CC11D25332400BB8B1D /* Project object */;
}
